
Microsoft Visual Studio Solution File, Format Version 12.00
# Visual Studio Version 17
VisualStudioVersion = 17.8.34309.116
MinimumVisualStudioVersion = 10.0.40219.1
Project("{FAE04EC0-301F-11D3-BF4B-00C04F79EFBC}") = "ApiVersioningTrial", "ApiVersioningTrial\ApiVersioningTrial.csproj", "{956B22B9-28E0-4C98-9AF6-0CF6A40EB010}"
EndProject
Global
	GlobalSection(SolutionConfigurationPlatforms) = preSolution
		Debug|Any CPU = Debug|Any CPU
		Release|Any CPU = Release|Any CPU
	EndGlobalSection
	GlobalSection(ProjectConfigurationPlatforms) = postSolution
		{956B22B9-28E0-4C98-9AF6-0CF6A40EB010}.Debug|Any CPU.ActiveCfg = Debug|Any CPU
		{956B22B9-28E0-4C98-9AF6-0CF6A40EB010}.Debug|Any CPU.Build.0 = Debug|Any CPU
		{956B22B9-28E0-4C98-9AF6-0CF6A40EB010}.Release|Any CPU.ActiveCfg = Release|Any CPU
		{956B22B9-28E0-4C98-9AF6-0CF6A40EB010}.Release|Any CPU.Build.0 = Release|Any CPU
	EndGlobalSection
	GlobalSection(SolutionProperties) = preSolution
		HideSolutionNode = FALSE
	EndGlobalSection
	GlobalSection(ExtensibilityGlobals) = postSolution
		SolutionGuid = {406BB1AA-5DCF-46F9-9611-F4A9DE797679}
	EndGlobalSection
EndGlobal
